// !$*UTF8*$!
{
	archiveVersion = 1;
	classes = {
	};
	objectVersion = 50;
	objects = {

/* Begin PBXBuildFile section */
		827888FE25CB19B80010FD23 /* AppDelegate.swift in Sources */ = {isa = PBXBuildFile; fileRef = 827888FD25CB19B80010FD23 /* AppDelegate.swift */; };
		8278890025CB19B80010FD23 /* SceneDelegate.swift in Sources */ = {isa = PBXBuildFile; fileRef = 827888FF25CB19B80010FD23 /* SceneDelegate.swift */; };
		8278890225CB19B80010FD23 /* ViewController.swift in Sources */ = {isa = PBXBuildFile; fileRef = 8278890125CB19B80010FD23 /* ViewController.swift */; };
		8278890525CB19B80010FD23 /* Main.storyboard in Resources */ = {isa = PBXBuildFile; fileRef = 8278890325CB19B80010FD23 /* Main.storyboard */; };
		8278890725CB19BA0010FD23 /* Assets.xcassets in Resources */ = {isa = PBXBuildFile; fileRef = 8278890625CB19BA0010FD23 /* Assets.xcassets */; };
		8278890A25CB19BA0010FD23 /* LaunchScreen.storyboard in Resources */ = {isa = PBXBuildFile; fileRef = 8278890825CB19BA0010FD23 /* LaunchScreen.storyboard */; };
		8278891525CB19BA0010FD23 /* PreworkTests.swift in Sources */ = {isa = PBXBuildFile; fileRef = 8278891425CB19BA0010FD23 /* PreworkTests.swift */; };
		8278892025CB19BA0010FD23 /* PreworkUITests.swift in Sources */ = {isa = PBXBuildFile; fileRef = 8278891F25CB19BA0010FD23 /* PreworkUITests.swift */; };
/* End PBXBuildFile section */

/* Begin PBXContainerItemProxy section */
		8278891125CB19BA0010FD23 /* PBXContainerItemProxy */ = {
			isa = PBXContainerItemProxy;
			containerPortal = 827888F225CB19B80010FD23 /* Project object */;
			proxyType = 1;
			remoteGlobalIDString = 827888F925CB19B80010FD23;
			remoteInfo = Prework;
		};
		8278891C25CB19BA0010FD23 /* PBXContainerItemProxy */ = {
			isa = PBXContainerItemProxy;
			containerPortal = 827888F225CB19B80010FD23 /* Project object */;
			proxyType = 1;
			remoteGlobalIDString = 827888F925CB19B80010FD23;
			remoteInfo = Prework;
		};
/* End PBXContainerItemProxy section */

/* Begin PBXFileReference section */
		827888FA25CB19B80010FD23 /* Prework.app */ = {isa = PBXFileReference; explicitFileType = wrapper.application; includeInIndex = 0; path = Prework.app; sourceTree = BUILT_PRODUCTS_DIR; };
		827888FD25CB19B80010FD23 /* AppDelegate.swift */ = {isa = PBXFileReference; lastKnownFileType = sourcecode.swift; path = AppDelegate.swift; sourceTree = "<group>"; };
		827888FF25CB19B80010FD23 /* SceneDelegate.swift */ = {isa = PBXFileReference; lastKnownFileType = sourcecode.swift; path = SceneDelegate.swift; sourceTree = "<group>"; };
		8278890125CB19B80010FD23 /* ViewController.swift */ = {isa = PBXFileReference; lastKnownFileType = sourcecode.swift; path = ViewController.swift; sourceTree = "<group>"; };
		8278890425CB19B80010FD23 /* Base */ = {isa = PBXFileReference; lastKnownFileType = file.storyboard; name = Base; path = Base.lproj/Main.storyboard; sourceTree = "<group>"; };
		8278890625CB19BA0010FD23 /* Assets.xcassets */ = {isa = PBXFileReference; lastKnownFileType = folder.assetcatalog; path = Assets.xcassets; sourceTree = "<group>"; };
		8278890925CB19BA0010FD23 /* Base */ = {isa = PBXFileReference; lastKnownFileType = file.storyboard; name = Base; path = Base.lproj/LaunchScreen.storyboard; sourceTree = "<group>"; };
		8278890B25CB19BA0010FD23 /* Info.plist */ = {isa = PBXFileReference; lastKnownFileType = text.plist.xml; path = Info.plist; sourceTree = "<group>"; };
		8278891025CB19BA0010FD23 /* PreworkTests.xctest */ = {isa = PBXFileReference; explicitFileType = wrapper.cfbundle; includeInIndex = 0; path = PreworkTests.xctest; sourceTree = BUILT_PRODUCTS_DIR; };
		8278891425CB19BA0010FD23 /* PreworkTests.swift */ = {isa = PBXFileReference; lastKnownFileType = sourcecode.swift; path = PreworkTests.swift; sourceTree = "<group>"; };
		8278891625CB19BA0010FD23 /* Info.plist */ = {isa = PBXFileReference; lastKnownFileType = text.plist.xml; path = Info.plist; sourceTree = "<group>"; };
		8278891B25CB19BA0010FD23 /* PreworkUITests.xctest */ = {isa = PBXFileReference; explicitFileType = wrapper.cfbundle; includeInIndex = 0; path = PreworkUITests.xctest; sourceTree = BUILT_PRODUCTS_DIR; };
		8278891F25CB19BA0010FD23 /* PreworkUITests.swift */ = {isa = PBXFileReference; lastKnownFileType = sourcecode.swift; path = PreworkUITests.swift; sourceTree = "<group>"; };
		8278892125CB19BA0010FD23 /* Info.plist */ = {isa = PBXFileReference; lastKnownFileType = text.plist.xml; path = Info.plist; sourceTree = "<group>"; };
/* End PBXFileReference section */

/* Begin PBXFrameworksBuildPhase section */
		827888F725CB19B80010FD23 /* Frameworks */ = {
			isa = PBXFrameworksBuildPhase;
			buildActionMask = 2147483647;
			files = (
			);
			runOnlyForDeploymentPostprocessing = 0;
		};
		8278890D25CB19BA0010FD23 /* Frameworks */ = {
			isa = PBXFrameworksBuildPhase;
			buildActionMask = 2147483647;
			files = (
			);
			runOnlyForDeploymentPostprocessing = 0;
		};
		8278891825CB19BA0010FD23 /* Frameworks */ = {
			isa = PBXFrameworksBuildPhase;
			buildActionMask = 2147483647;
			files = (
			);
			runOnlyForDeploymentPostprocessing = 0;
		};
/* End PBXFrameworksBuildPhase section */

/* Begin PBXGroup section */
		827888F125CB19B80010FD23 = {
			isa = PBXGroup;
			children = (
				827888FC25CB19B80010FD23 /* Prework */,
				8278891325CB19BA0010FD23 /* PreworkTests */,
				8278891E25CB19BA0010FD23 /* PreworkUITests */,
				827888FB25CB19B80010FD23 /* Products */,
			);
			sourceTree = "<group>";
		};
		827888FB25CB19B80010FD23 /* Products */ = {
			isa = PBXGroup;
			children = (
				827888FA25CB19B80010FD23 /* Prework.app */,
				8278891025CB19BA0010FD23 /* PreworkTests.xctest */,
				8278891B25CB19BA0010FD23 /* PreworkUITests.xctest */,
			);
			name = Products;
			sourceTree = "<group>";
		};
		827888FC25CB19B80010FD23 /* Prework */ = {
			isa = PBXGroup;
			children = (
				827888FD25CB19B80010FD23 /* AppDelegate.swift */,
				827888FF25CB19B80010FD23 /* SceneDelegate.swift */,
				8278890125CB19B80010FD23 /* ViewController.swift */,
				8278890325CB19B80010FD23 /* Main.storyboard */,
				8278890625CB19BA0010FD23 /* Assets.xcassets */,
				8278890825CB19BA0010FD23 /* LaunchScreen.storyboard */,
				8278890B25CB19BA0010FD23 /* Info.plist */,
			);
			path = Prework;
			sourceTree = "<group>";
		};
		8278891325CB19BA0010FD23 /* PreworkTests */ = {
			isa = PBXGroup;
			children = (
				8278891425CB19BA0010FD23 /* PreworkTests.swift */,
				8278891625CB19BA0010FD23 /* Info.plist */,
			);
			path = PreworkTests;
			sourceTree = "<group>";
		};
		8278891E25CB19BA0010FD23 /* PreworkUITests */ = {
			isa = PBXGroup;
			children = (
				8278891F25CB19BA0010FD23 /* PreworkUITests.swift */,
				8278892125CB19BA0010FD23 /* Info.plist */,
			);
			path = PreworkUITests;
			sourceTree = "<group>";
		};
/* End PBXGroup section */

/* Begin PBXNativeTarget section */
		827888F925CB19B80010FD23 /* Prework */ = {
			isa = PBXNativeTarget;
			buildConfigurationList = 8278892425CB19BA0010FD23 /* Build configuration list for PBXNativeTarget "Prework" */;
			buildPhases = (
				827888F625CB19B80010FD23 /* Sources */,
				827888F725CB19B80010FD23 /* Frameworks */,
				827888F825CB19B80010FD23 /* Resources */,
			);
			buildRules = (
			);
			dependencies = (
			);
			name = Prework;
			productName = Prework;
			productReference = 827888FA25CB19B80010FD23 /* Prework.app */;
			productType = "com.apple.product-type.application";
		};
		8278890F25CB19BA0010FD23 /* PreworkTests */ = {
			isa = PBXNativeTarget;
			buildConfigurationList = 8278892725CB19BA0010FD23 /* Build configuration list for PBXNativeTarget "PreworkTests" */;
			buildPhases = (
				8278890C25CB19BA0010FD23 /* Sources */,
				8278890D25CB19BA0010FD23 /* Frameworks */,
				8278890E25CB19BA0010FD23 /* Resources */,
			);
			buildRules = (
			);
			dependencies = (
				8278891225CB19BA0010FD23 /* PBXTargetDependency */,
			);
			name = PreworkTests;
			productName = PreworkTests;
			productReference = 8278891025CB19BA0010FD23 /* PreworkTests.xctest */;
			productType = "com.apple.product-type.bundle.unit-test";
		};
		8278891A25CB19BA0010FD23 /* PreworkUITests */ = {
			isa = PBXNativeTarget;
			buildConfigurationList = 8278892A25CB19BA0010FD23 /* Build configuration list for PBXNativeTarget "PreworkUITests" */;
			buildPhases = (
				8278891725CB19BA0010FD23 /* Sources */,
				8278891825CB19BA0010FD23 /* Frameworks */,
				8278891925CB19BA0010FD23 /* Resources */,
			);
			buildRules = (
			);
			dependencies = (
				8278891D25CB19BA0010FD23 /* PBXTargetDependency */,
			);
			name = PreworkUITests;
			productName = PreworkUITests;
			productReference = 8278891B25CB19BA0010FD23 /* PreworkUITests.xctest */;
			productType = "com.apple.product-type.bundle.ui-testing";
		};
/* End PBXNativeTarget section */

/* Begin PBXProject section */
		827888F225CB19B80010FD23 /* Project object */ = {
			isa = PBXProject;
			attributes = {
				LastSwiftUpdateCheck = 1240;
				LastUpgradeCheck = 1240;
				TargetAttributes = {
					827888F925CB19B80010FD23 = {
						CreatedOnToolsVersion = 12.4;
					};
					8278890F25CB19BA0010FD23 = {
						CreatedOnToolsVersion = 12.4;
						TestTargetID = 827888F925CB19B80010FD23;
					};
					8278891A25CB19BA0010FD23 = {
						CreatedOnToolsVersion = 12.4;
						TestTargetID = 827888F925CB19B80010FD23;
					};
				};
			};
			buildConfigurationList = 827888F525CB19B80010FD23 /* Build configuration list for PBXProject "Prework" */;
			compatibilityVersion = "Xcode 9.3";
			developmentRegion = en;
			hasScannedForEncodings = 0;
			knownRegions = (
				en,
				Base,
			);
			mainGroup = 827888F125CB19B80010FD23;
			productRefGroup = 827888FB25CB19B80010FD23 /* Products */;
			projectDirPath = "";
			projectRoot = "";
			targets = (
				827888F925CB19B80010FD23 /* Prework */,
				8278890F25CB19BA0010FD23 /* PreworkTests */,
				8278891A25CB19BA0010FD23 /* PreworkUITests */,
			);
		};
/* End PBXProject section */

/* Begin PBXResourcesBuildPhase section */
		827888F825CB19B80010FD23 /* Resources */ = {
			isa = PBXResourcesBuildPhase;
			buildActionMask = 2147483647;
			files = (
				8278890A25CB19BA0010FD23 /* LaunchScreen.storyboard in Resources */,
				8278890725CB19BA0010FD23 /* Assets.xcassets in Resources */,
				8278890525CB19B80010FD23 /* Main.storyboard in Resources */,
			);
			runOnlyForDeploymentPostprocessing = 0;
		};
		8278890E25CB19BA0010FD23 /* Resources */ = {
			isa = PBXResourcesBuildPhase;
			buildActionMask = 2147483647;
			files = (
			);
			runOnlyForDeploymentPostprocessing = 0;
		};
		8278891925CB19BA0010FD23 /* Resources */ = {
			isa = PBXResourcesBuildPhase;
			buildActionMask = 2147483647;
			files = (
			);
			runOnlyForDeploymentPostprocessing = 0;
		};
/* End PBXResourcesBuildPhase section */

/* Begin PBXSourcesBuildPhase section */
		827888F625CB19B80010FD23 /* Sources */ = {
			isa = PBXSourcesBuildPhase;
			buildActionMask = 2147483647;
			files = (
				8278890225CB19B80010FD23 /* ViewController.swift in Sources */,
				827888FE25CB19B80010FD23 /* AppDelegate.swift in Sources */,
				8278890025CB19B80010FD23 /* SceneDelegate.swift in Sources */,
			);
			runOnlyForDeploymentPostprocessing = 0;
		};
		8278890C25CB19BA0010FD23 /* Sources */ = {
			isa = PBXSourcesBuildPhase;
			buildActionMask = 2147483647;
			files = (
				8278891525CB19BA0010FD23 /* PreworkTests.swift in Sources */,
			);
			runOnlyForDeploymentPostprocessing = 0;
		};
		8278891725CB19BA0010FD23 /* Sources */ = {
			isa = PBXSourcesBuildPhase;
			buildActionMask = 2147483647;
			files = (
				8278892025CB19BA0010FD23 /* PreworkUITests.swift in Sources */,
			);
			runOnlyForDeploymentPostprocessing = 0;
		};
/* End PBXSourcesBuildPhase section */

/* Begin PBXTargetDependency section */
		8278891225CB19BA0010FD23 /* PBXTargetDependency */ = {
			isa = PBXTargetDependency;
			target = 827888F925CB19B80010FD23 /* Prework */;
			targetProxy = 8278891125CB19BA0010FD23 /* PBXContainerItemProxy */;
		};
		8278891D25CB19BA0010FD23 /* PBXTargetDependency */ = {
			isa = PBXTargetDependency;
			target = 827888F925CB19B80010FD23 /* Prework */;
			targetProxy = 8278891C25CB19BA0010FD23 /* PBXContainerItemProxy */;
		};
/* End PBXTargetDependency section */

/* Begin PBXVariantGroup section */
		8278890325CB19B80010FD23 /* Main.storyboard */ = {
			isa = PBXVariantGroup;
			children = (
				8278890425CB19B80010FD23 /* Base */,
			);
			name = Main.storyboard;
			sourceTree = "<group>";
		};
		8278890825CB19BA0010FD23 /* LaunchScreen.storyboard */ = {
			isa = PBXVariantGroup;
			children = (
				8278890925CB19BA0010FD23 /* Base */,
			);
			name = LaunchScreen.storyboard;
			sourceTree = "<group>";
		};
/* End PBXVariantGroup section */

/* Begin XCBuildConfiguration section */
		8278892225CB19BA0010FD23 /* Debug */ = {
			isa = XCBuildConfiguration;
			buildSettings = {
				ALWAYS_SEARCH_USER_PATHS = NO;
				CLANG_ANALYZER_NONNULL = YES;
				CLANG_ANALYZER_NUMBER_OBJECT_CONVERSION = YES_AGGRESSIVE;
				CLANG_CXX_LANGUAGE_STANDARD = "gnu++14";
				CLANG_CXX_LIBRARY = "libc++";
				CLANG_ENABLE_MODULES = YES;
				CLANG_ENABLE_OBJC_ARC = YES;
				CLANG_ENABLE_OBJC_WEAK = YES;
				CLANG_WARN_BLOCK_CAPTURE_AUTORELEASING = YES;
				CLANG_WARN_BOOL_CONVERSION = YES;
				CLANG_WARN_COMMA = YES;
				CLANG_WARN_CONSTANT_CONVERSION = YES;
				CLANG_WARN_DEPRECATED_OBJC_IMPLEMENTATIONS = YES;
				CLANG_WARN_DIRECT_OBJC_ISA_USAGE = YES_ERROR;
				CLANG_WARN_DOCUMENTATION_COMMENTS = YES;
				CLANG_WARN_EMPTY_BODY = YES;
				CLANG_WARN_ENUM_CONVERSION = YES;
				CLANG_WARN_INFINITE_RECURSION = YES;
				CLANG_WARN_INT_CONVERSION = YES;
				CLANG_WARN_NON_LITERAL_NULL_CONVERSION = YES;
				CLANG_WARN_OBJC_IMPLICIT_RETAIN_SELF = YES;
				CLANG_WARN_OBJC_LITERAL_CONVERSION = YES;
				CLANG_WARN_OBJC_ROOT_CLASS = YES_ERROR;
				CLANG_WARN_QUOTED_INCLUDE_IN_FRAMEWORK_HEADER = YES;
				CLANG_WARN_RANGE_LOOP_ANALYSIS = YES;
				CLANG_WARN_STRICT_PROTOTYPES = YES;
				CLANG_WARN_SUSPICIOUS_MOVE = YES;
				CLANG_WARN_UNGUARDED_AVAILABILITY = YES_AGGRESSIVE;
				CLANG_WARN_UNREACHABLE_CODE = YES;
				CLANG_WARN__DUPLICATE_METHOD_MATCH = YES;
				COPY_PHASE_STRIP = NO;
				DEBUG_INFORMATION_FORMAT = dwarf;
				ENABLE_STRICT_OBJC_MSGSEND = YES;
				ENABLE_TESTABILITY = YES;
				GCC_C_LANGUAGE_STANDARD = gnu11;
				GCC_DYNAMIC_NO_PIC = NO;
				GCC_NO_COMMON_BLOCKS = YES;
				GCC_OPTIMIZATION_LEVEL = 0;
				GCC_PREPROCESSOR_DEFINITIONS = (
					"DEBUG=1",
					"$(inherited)",
				);
				GCC_WARN_64_TO_32_BIT_CONVERSION = YES;
				GCC_WARN_ABOUT_RETURN_TYPE = YES_ERROR;
				GCC_WARN_UNDECLARED_SELECTOR = YES;
				GCC_WARN_UNINITIALIZED_AUTOS = YES_AGGRESSIVE;
				GCC_WARN_UNUSED_FUNCTION = YES;
				GCC_WARN_UNUSED_VARIABLE = YES;
				IPHONEOS_DEPLOYMENT_TARGET = 14.4;
				MTL_ENABLE_DEBUG_INFO = INCLUDE_SOURCE;
				MTL_FAST_MATH = YES;
				ONLY_ACTIVE_ARCH = YES;
				SDKROOT = iphoneos;
				SWIFT_ACTIVE_COMPILATION_CONDITIONS = DEBUG;
				SWIFT_OPTIMIZATION_LEVEL = "-Onone";
			};
			name = Debug;
		};
		8278892325CB19BA0010FD23 /* Release */ = {
			isa = XCBuildConfiguration;
			buildSettings = {
				ALWAYS_SEARCH_USER_PATHS = NO;
				CLANG_ANALYZER_NONNULL = YES;
				CLANG_ANALYZER_NUMBER_OBJECT_CONVERSION = YES_AGGRESSIVE;
				CLANG_CXX_LANGUAGE_STANDARD = "gnu++14";
				CLANG_CXX_LIBRARY = "libc++";
				CLANG_ENABLE_MODULES = YES;
				CLANG_ENABLE_OBJC_ARC = YES;
				CLANG_ENABLE_OBJC_WEAK = YES;
				CLANG_WARN_BLOCK_CAPTURE_AUTORELEASING = YES;
				CLANG_WARN_BOOL_CONVERSION = YES;
				CLANG_WARN_COMMA = YES;
				CLANG_WARN_CONSTANT_CONVERSION = YES;
				CLANG_WARN_DEPRECATED_OBJC_IMPLEMENTATIONS = YES;
				CLANG_WARN_DIRECT_OBJC_ISA_USAGE = YES_ERROR;
				CLANG_WARN_DOCUMENTATION_COMMENTS = YES;
				CLANG_WARN_EMPTY_BODY = YES;
				CLANG_WARN_ENUM_CONVERSION = YES;
				CLANG_WARN_INFINITE_RECURSION = YES;
				CLANG_WARN_INT_CONVERSION = YES;
				CLANG_WARN_NON_LITERAL_NULL_CONVERSION = YES;
				CLANG_WARN_OBJC_IMPLICIT_RETAIN_SELF = YES;
				CLANG_WARN_OBJC_LITERAL_CONVERSION = YES;
				CLANG_WARN_OBJC_ROOT_CLASS = YES_ERROR;
				CLANG_WARN_QUOTED_INCLUDE_IN_FRAMEWORK_HEADER = YES;
				CLANG_WARN_RANGE_LOOP_ANALYSIS = YES;
				CLANG_WARN_STRICT_PROTOTYPES = YES;
				CLANG_WARN_SUSPICIOUS_MOVE = YES;
				CLANG_WARN_UNGUARDED_AVAILABILITY = YES_AGGRESSIVE;
				CLANG_WARN_UNREACHABLE_CODE = YES;
				CLANG_WARN__DUPLICATE_METHOD_MATCH = YES;
				COPY_PHASE_STRIP = NO;
				DEBUG_INFORMATION_FORMAT = "dwarf-with-dsym";
				ENABLE_NS_ASSERTIONS = NO;
				ENABLE_STRICT_OBJC_MSGSEND = YES;
				GCC_C_LANGUAGE_STANDARD = gnu11;
				GCC_NO_COMMON_BLOCKS = YES;
				GCC_WARN_64_TO_32_BIT_CONVERSION = YES;
				GCC_WARN_ABOUT_RETURN_TYPE = YES_ERROR;
				GCC_WARN_UNDECLARED_SELECTOR = YES;
				GCC_WARN_UNINITIALIZED_AUTOS = YES_AGGRESSIVE;
				GCC_WARN_UNUSED_FUNCTION = YES;
				GCC_WARN_UNUSED_VARIABLE = YES;
				IPHONEOS_DEPLOYMENT_TARGET = 14.4;
				MTL_ENABLE_DEBUG_INFO = NO;
				MTL_FAST_MATH = YES;
				SDKROOT = iphoneos;
				SWIFT_COMPILATION_MODE = wholemodule;
				SWIFT_OPTIMIZATION_LEVEL = "-O";
				VALIDATE_PRODUCT = YES;
			};
			name = Release;
		};
		8278892525CB19BA0010FD23 /* Debug */ = {
			isa = XCBuildConfiguration;
			buildSettings = {
				ASSETCATALOG_COMPILER_APPICON_NAME = AppIcon;
				ASSETCATALOG_COMPILER_GLOBAL_ACCENT_COLOR_NAME = AccentColor;
				CODE_SIGN_STYLE = Automatic;
				INFOPLIST_FILE = Prework/Info.plist;
				LD_RUNPATH_SEARCH_PATHS = (
					"$(inherited)",
					"@executable_path/Frameworks",
				);
				PRODUCT_BUNDLE_IDENTIFIER = memo.com.Prework;
				PRODUCT_NAME = "$(TARGET_NAME)";
				SWIFT_VERSION = 5.0;
				TARGETED_DEVICE_FAMILY = "1,2";
			};
			name = Debug;
		};
		8278892625CB19BA0010FD23 /* Release */ = {
			isa = XCBuildConfiguration;
			buildSettings = {
				ASSETCATALOG_COMPILER_APPICON_NAME = AppIcon;
				ASSETCATALOG_COMPILER_GLOBAL_ACCENT_COLOR_NAME = AccentColor;
				CODE_SIGN_STYLE = Automatic;
				INFOPLIST_FILE = Prework/Info.plist;
				LD_RUNPATH_SEARCH_PATHS = (
					"$(inherited)",
					"@executable_path/Frameworks",
				);
				PRODUCT_BUNDLE_IDENTIFIER = memo.com.Prework;
				PRODUCT_NAME = "$(TARGET_NAME)";
				SWIFT_VERSION = 5.0;
				TARGETED_DEVICE_FAMILY = "1,2";
			};
			name = Release;
		};
		8278892825CB19BA0010FD23 /* Debug */ = {
			isa = XCBuildConfiguration;
			buildSettings = {
				ALWAYS_EMBED_SWIFT_STANDARD_LIBRARIES = YES;
				BUNDLE_LOADER = "$(TEST_HOST)";
				CODE_SIGN_STYLE = Automatic;
				INFOPLIST_FILE = PreworkTests/Info.plist;
				IPHONEOS_DEPLOYMENT_TARGET = 14.4;
				LD_RUNPATH_SEARCH_PATHS = (
					"$(inherited)",
					"@executable_path/Frameworks",
					"@loader_path/Frameworks",
				);
				PRODUCT_BUNDLE_IDENTIFIER = memo.com.PreworkTests;
				PRODUCT_NAME = "$(TARGET_NAME)";
				SWIFT_VERSION = 5.0;
				TARGETED_DEVICE_FAMILY = "1,2";
				TEST_HOST = "$(BUILT_PRODUCTS_DIR)/Prework.app/Prework";
			};
			name = Debug;
		};
		8278892925CB19BA0010FD23 /* Release */ = {
			isa = XCBuildConfiguration;
			buildSettings = {
				ALWAYS_EMBED_SWIFT_STANDARD_LIBRARIES = YES;
				BUNDLE_LOADER = "$(TEST_HOST)";
				CODE_SIGN_STYLE = Automatic;
				INFOPLIST_FILE = PreworkTests/Info.plist;
				IPHONEOS_DEPLOYMENT_TARGET = 14.4;
				LD_RUNPATH_SEARCH_PATHS = (
					"$(inherited)",
					"@executable_path/Frameworks",
					"@loader_path/Frameworks",
				);
				PRODUCT_BUNDLE_IDENTIFIER = memo.com.PreworkTests;
				PRODUCT_NAME = "$(TARGET_NAME)";
				SWIFT_VERSION = 5.0;
				TARGETED_DEVICE_FAMILY = "1,2";
				TEST_HOST = "$(BUILT_PRODUCTS_DIR)/Prework.app/Prework";
			};
			name = Release;
		};
		8278892B25CB19BA0010FD23 /* Debug */ = {
			isa = XCBuildConfiguration;
			buildSettings = {
				ALWAYS_EMBED_SWIFT_STANDARD_LIBRARIES = YES;
				CODE_SIGN_STYLE = Automatic;
				INFOPLIST_FILE = PreworkUITests/Info.plist;
				LD_RUNPATH_SEARCH_PATHS = (
					"$(inherited)",
					"@executable_path/Frameworks",
					"@loader_path/Frameworks",
				);
				PRODUCT_BUNDLE_IDENTIFIER = memo.com.PreworkUITests;
				PRODUCT_NAME = "$(TARGET_NAME)";
				SWIFT_VERSION = 5.0;
				TARGETED_DEVICE_FAMILY = "1,2";
				TEST_TARGET_NAME = Prework;
			};
			name = Debug;
		};
		8278892C25CB19BA0010FD23 /* Release */ = {
			isa = XCBuildConfiguration;
			buildSettings = {
				ALWAYS_EMBED_SWIFT_STANDARD_LIBRARIES = YES;
				CODE_SIGN_STYLE = Automatic;
				INFOPLIST_FILE = PreworkUITests/Info.plist;
				LD_RUNPATH_SEARCH_PATHS = (
					"$(inherited)",
					"@executable_path/Frameworks",
					"@loader_path/Frameworks",
				);
				PRODUCT_BUNDLE_IDENTIFIER = memo.com.PreworkUITests;
				PRODUCT_NAME = "$(TARGET_NAME)";
				SWIFT_VERSION = 5.0;
				TARGETED_DEVICE_FAMILY = "1,2";
				TEST_TARGET_NAME = Prework;
			};
			name = Release;
		};
/* End XCBuildConfiguration section */

/* Begin XCConfigurationList section */
		827888F525CB19B80010FD23 /* Build configuration list for PBXProject "Prework" */ = {
			isa = XCConfigurationList;
			buildConfigurations = (
				8278892225CB19BA0010FD23 /* Debug */,
				8278892325CB19BA0010FD23 /* Release */,
			);
			defaultConfigurationIsVisible = 0;
			defaultConfigurationName = Release;
		};
		8278892425CB19BA0010FD23 /* Build configuration list for PBXNativeTarget "Prework" */ = {
			isa = XCConfigurationList;
			buildConfigurations = (
				8278892525CB19BA0010FD23 /* Debug */,
				8278892625CB19BA0010FD23 /* Release */,
			);
			defaultConfigurationIsVisible = 0;
			defaultConfigurationName = Release;
		};
		8278892725CB19BA0010FD23 /* Build configuration list for PBXNativeTarget "PreworkTests" */ = {
			isa = XCConfigurationList;
			buildConfigurations = (
				8278892825CB19BA0010FD23 /* Debug */,
				8278892925CB19BA0010FD23 /* Release */,
			);
			defaultConfigurationIsVisible = 0;
			defaultConfigurationName = Release;
		};
		8278892A25CB19BA0010FD23 /* Build configuration list for PBXNativeTarget "PreworkUITests" */ = {
			isa = XCConfigurationList;
			buildConfigurations = (
				8278892B25CB19BA0010FD23 /* Debug */,
				8278892C25CB19BA0010FD23 /* Release */,
			);
			defaultConfigurationIsVisible = 0;
			defaultConfigurationName = Release;
		};
/* End XCConfigurationList section */
	};
	rootObject = 827888F225CB19B80010FD23 /* Project object */;
}
